// !$*UTF8*$!
{
	archiveVersion = 1;
	classes = {
	};
	objectVersion = 46;
	objects = {

/* Begin PBXBuildFile section */
		81839CB21D76692A00E5666C /* main.m in Sources */ = {isa = PBXBuildFile; fileRef = 81839CB11D76692A00E5666C /* main.m */; };
		81839CB51D76692A00E5666C /* AppDelegate.m in Sources */ = {isa = PBXBuildFile; fileRef = 81839CB41D76692A00E5666C /* AppDelegate.m */; };
		81839CB81D76692A00E5666C /* ViewController.m in Sources */ = {isa = PBXBuildFile; fileRef = 81839CB71D76692A00E5666C /* ViewController.m */; };
		81839CBB1D76692A00E5666C /* Main.storyboard in Resources */ = {isa = PBXBuildFile; fileRef = 81839CB91D76692A00E5666C /* Main.storyboard */; };
		81839CBD1D76692A00E5666C /* Images.xcassets in Resources */ = {isa = PBXBuildFile; fileRef = 81839CBC1D76692A00E5666C /* Images.xcassets */; };
		81839CC01D76692A00E5666C /* LaunchScreen.xib in Resources */ = {isa = PBXBuildFile; fileRef = 81839CBE1D76692A00E5666C /* LaunchScreen.xib */; };
		81839CCC1D76692A00E5666C /* calculator_daeunTests.m in Sources */ = {isa = PBXBuildFile; fileRef = 81839CCB1D76692A00E5666C /* calculator_daeunTests.m */; };
/* End PBXBuildFile section */

/* Begin PBXContainerItemProxy section */
		81839CC61D76692A00E5666C /* PBXContainerItemProxy */ = {
			isa = PBXContainerItemProxy;
			containerPortal = 81839CA41D76692900E5666C /* Project object */;
			proxyType = 1;
			remoteGlobalIDString = 81839CAB1D76692A00E5666C;
			remoteInfo = "calculator-daeun";
		};
/* End PBXContainerItemProxy section */

/* Begin PBXFileReference section */
		81839CAC1D76692A00E5666C /* calculator-daeun.app */ = {isa = PBXFileReference; explicitFileType = wrapper.application; includeInIndex = 0; path = "calculator-daeun.app"; sourceTree = BUILT_PRODUCTS_DIR; };
		81839CB01D76692A00E5666C /* Info.plist */ = {isa = PBXFileReference; lastKnownFileType = text.plist.xml; path = Info.plist; sourceTree = "<group>"; };
		81839CB11D76692A00E5666C /* main.m */ = {isa = PBXFileReference; lastKnownFileType = sourcecode.c.objc; path = main.m; sourceTree = "<group>"; };
		81839CB31D76692A00E5666C /* AppDelegate.h */ = {isa = PBXFileReference; lastKnownFileType = sourcecode.c.h; path = AppDelegate.h; sourceTree = "<group>"; };
		81839CB41D76692A00E5666C /* AppDelegate.m */ = {isa = PBXFileReference; lastKnownFileType = sourcecode.c.objc; path = AppDelegate.m; sourceTree = "<group>"; };
		81839CB61D76692A00E5666C /* ViewController.h */ = {isa = PBXFileReference; lastKnownFileType = sourcecode.c.h; path = ViewController.h; sourceTree = "<group>"; };
		81839CB71D76692A00E5666C /* ViewController.m */ = {isa = PBXFileReference; lastKnownFileType = sourcecode.c.objc; path = ViewController.m; sourceTree = "<group>"; };
		81839CBA1D76692A00E5666C /* Base */ = {isa = PBXFileReference; lastKnownFileType = file.storyboard; name = Base; path = Base.lproj/Main.storyboard; sourceTree = "<group>"; };
		81839CBC1D76692A00E5666C /* Images.xcassets */ = {isa = PBXFileReference; lastKnownFileType = folder.assetcatalog; path = Images.xcassets; sourceTree = "<group>"; };
		81839CBF1D76692A00E5666C /* Base */ = {isa = PBXFileReference; lastKnownFileType = file.xib; name = Base; path = Base.lproj/LaunchScreen.xib; sourceTree = "<group>"; };
		81839CC51D76692A00E5666C /* calculator-daeunTests.xctest */ = {isa = PBXFileReference; explicitFileType = wrapper.cfbundle; includeInIndex = 0; path = "calculator-daeunTests.xctest"; sourceTree = BUILT_PRODUCTS_DIR; };
		81839CCA1D76692A00E5666C /* Info.plist */ = {isa = PBXFileReference; lastKnownFileType = text.plist.xml; path = Info.plist; sourceTree = "<group>"; };
		81839CCB1D76692A00E5666C /* calculator_daeunTests.m */ = {isa = PBXFileReference; lastKnownFileType = sourcecode.c.objc; path = calculator_daeunTests.m; sourceTree = "<group>"; };
/* End PBXFileReference section */

/* Begin PBXFrameworksBuildPhase section */
		81839CA91D76692A00E5666C /* Frameworks */ = {
			isa = PBXFrameworksBuildPhase;
			buildActionMask = 2147483647;
			files = (
			);
			runOnlyForDeploymentPostprocessing = 0;
		};
		81839CC21D76692A00E5666C /* Frameworks */ = {
			isa = PBXFrameworksBuildPhase;
			buildActionMask = 2147483647;
			files = (
			);
			runOnlyForDeploymentPostprocessing = 0;
		};
/* End PBXFrameworksBuildPhase section */

/* Begin PBXGroup section */
		81839CA31D76692900E5666C = {
			isa = PBXGroup;
			children = (
				81839CAE1D76692A00E5666C /* calculator-daeun */,
				81839CC81D76692A00E5666C /* calculator-daeunTests */,
				81839CAD1D76692A00E5666C /* Products */,
			);
			sourceTree = "<group>";
		};
		81839CAD1D76692A00E5666C /* Products */ = {
			isa = PBXGroup;
			children = (
				81839CAC1D76692A00E5666C /* calculator-daeun.app */,
				81839CC51D76692A00E5666C /* calculator-daeunTests.xctest */,
			);
			name = Products;
			sourceTree = "<group>";
		};
		81839CAE1D76692A00E5666C /* calculator-daeun */ = {
			isa = PBXGroup;
			children = (
				81839CB31D76692A00E5666C /* AppDelegate.h */,
				81839CB41D76692A00E5666C /* AppDelegate.m */,
				81839CB61D76692A00E5666C /* ViewController.h */,
				81839CB71D76692A00E5666C /* ViewController.m */,
				81839CB91D76692A00E5666C /* Main.storyboard */,
				81839CBC1D76692A00E5666C /* Images.xcassets */,
				81839CBE1D76692A00E5666C /* LaunchScreen.xib */,
				81839CAF1D76692A00E5666C /* Supporting Files */,
			);
			path = "calculator-daeun";
			sourceTree = "<group>";
		};
		81839CAF1D76692A00E5666C /* Supporting Files */ = {
			isa = PBXGroup;
			children = (
				81839CB01D76692A00E5666C /* Info.plist */,
				81839CB11D76692A00E5666C /* main.m */,
			);
			name = "Supporting Files";
			sourceTree = "<group>";
		};
		81839CC81D76692A00E5666C /* calculator-daeunTests */ = {
			isa = PBXGroup;
			children = (
				81839CCB1D76692A00E5666C /* calculator_daeunTests.m */,
				81839CC91D76692A00E5666C /* Supporting Files */,
			);
			path = "calculator-daeunTests";
			sourceTree = "<group>";
		};
		81839CC91D76692A00E5666C /* Supporting Files */ = {
			isa = PBXGroup;
			children = (
				81839CCA1D76692A00E5666C /* Info.plist */,
			);
			name = "Supporting Files";
			sourceTree = "<group>";
		};
/* End PBXGroup section */

/* Begin PBXNativeTarget section */
		81839CAB1D76692A00E5666C /* calculator-daeun */ = {
			isa = PBXNativeTarget;
			buildConfigurationList = 81839CCF1D76692A00E5666C /* Build configuration list for PBXNativeTarget "calculator-daeun" */;
			buildPhases = (
				81839CA81D76692A00E5666C /* Sources */,
				81839CA91D76692A00E5666C /* Frameworks */,
				81839CAA1D76692A00E5666C /* Resources */,
			);
			buildRules = (
			);
			dependencies = (
			);
			name = "calculator-daeun";
			productName = "calculator-daeun";
			productReference = 81839CAC1D76692A00E5666C /* calculator-daeun.app */;
			productType = "com.apple.product-type.application";
		};
		81839CC41D76692A00E5666C /* calculator-daeunTests */ = {
			isa = PBXNativeTarget;
			buildConfigurationList = 81839CD21D76692A00E5666C /* Build configuration list for PBXNativeTarget "calculator-daeunTests" */;
			buildPhases = (
				81839CC11D76692A00E5666C /* Sources */,
				81839CC21D76692A00E5666C /* Frameworks */,
				81839CC31D76692A00E5666C /* Resources */,
			);
			buildRules = (
			);
			dependencies = (
				81839CC71D76692A00E5666C /* PBXTargetDependency */,
			);
			name = "calculator-daeunTests";
			productName = "calculator-daeunTests";
			productReference = 81839CC51D76692A00E5666C /* calculator-daeunTests.xctest */;
			productType = "com.apple.product-type.bundle.unit-test";
		};
/* End PBXNativeTarget section */

/* Begin PBXProject section */
		81839CA41D76692900E5666C /* Project object */ = {
			isa = PBXProject;
			attributes = {
				LastUpgradeCheck = 0610;
				ORGANIZATIONNAME = iOS;
				TargetAttributes = {
					81839CAB1D76692A00E5666C = {
						CreatedOnToolsVersion = 6.1;
					};
					81839CC41D76692A00E5666C = {
						CreatedOnToolsVersion = 6.1;
						TestTargetID = 81839CAB1D76692A00E5666C;
					};
				};
			};
			buildConfigurationList = 81839CA71D76692900E5666C /* Build configuration list for PBXProject "calculator-daeun" */;
			compatibilityVersion = "Xcode 3.2";
			developmentRegion = English;
			hasScannedForEncodings = 0;
			knownRegions = (
				en,
				Base,
			);
			mainGroup = 81839CA31D76692900E5666C;
			productRefGroup = 81839CAD1D76692A00E5666C /* Products */;
			projectDirPath = "";
			projectRoot = "";
			targets = (
				81839CAB1D76692A00E5666C /* calculator-daeun */,
				81839CC41D76692A00E5666C /* calculator-daeunTests */,
			);
		};
/* End PBXProject section */

/* Begin PBXResourcesBuildPhase section */
		81839CAA1D76692A00E5666C /* Resources */ = {
			isa = PBXResourcesBuildPhase;
			buildActionMask = 2147483647;
			files = (
				81839CBB1D76692A00E5666C /* Main.storyboard in Resources */,
				81839CC01D76692A00E5666C /* LaunchScreen.xib in Resources */,
				81839CBD1D76692A00E5666C /* Images.xcassets in Resources */,
			);
			runOnlyForDeploymentPostprocessing = 0;
		};
		81839CC31D76692A00E5666C /* Resources */ = {
			isa = PBXResourcesBuildPhase;
			buildActionMask = 2147483647;
			files = (
			);
			runOnlyForDeploymentPostprocessing = 0;
		};
/* End PBXResourcesBuildPhase section */

/* Begin PBXSourcesBuildPhase section */
		81839CA81D76692A00E5666C /* Sources */ = {
			isa = PBXSourcesBuildPhase;
			buildActionMask = 2147483647;
			files = (
				81839CB81D76692A00E5666C /* ViewController.m in Sources */,
				81839CB51D76692A00E5666C /* AppDelegate.m in Sources */,
				81839CB21D76692A00E5666C /* main.m in Sources */,
			);
			runOnlyForDeploymentPostprocessing = 0;
		};
		81839CC11D76692A00E5666C /* Sources */ = {
			isa = PBXSourcesBuildPhase;
			buildActionMask = 2147483647;
			files = (
				81839CCC1D76692A00E5666C /* calculator_daeunTests.m in Sources */,
			);
			runOnlyForDeploymentPostprocessing = 0;
		};
/* End PBXSourcesBuildPhase section */

/* Begin PBXTargetDependency section */
		81839CC71D76692A00E5666C /* PBXTargetDependency */ = {
			isa = PBXTargetDependency;
			target = 81839CAB1D76692A00E5666C /* calculator-daeun */;
			targetProxy = 81839CC61D76692A00E5666C /* PBXContainerItemProxy */;
		};
/* End PBXTargetDependency section */

/* Begin PBXVariantGroup section */
		81839CB91D76692A00E5666C /* Main.storyboard */ = {
			isa = PBXVariantGroup;
			children = (
				81839CBA1D76692A00E5666C /* Base */,
			);
			name = Main.storyboard;
			sourceTree = "<group>";
		};
		81839CBE1D76692A00E5666C /* LaunchScreen.xib */ = {
			isa = PBXVariantGroup;
			children = (
				81839CBF1D76692A00E5666C /* Base */,
			);
			name = LaunchScreen.xib;
			sourceTree = "<group>";
		};
/* End PBXVariantGroup section */

/* Begin XCBuildConfiguration section */
		81839CCD1D76692A00E5666C /* Debug */ = {
			isa = XCBuildConfiguration;
			buildSettings = {
				ALWAYS_SEARCH_USER_PATHS = NO;
				CLANG_CXX_LANGUAGE_STANDARD = "gnu++0x";
				CLANG_CXX_LIBRARY = "libc++";
				CLANG_ENABLE_MODULES = YES;
				CLANG_ENABLE_OBJC_ARC = YES;
				CLANG_WARN_BOOL_CONVERSION = YES;
				CLANG_WARN_CONSTANT_CONVERSION = YES;
				CLANG_WARN_DIRECT_OBJC_ISA_USAGE = YES_ERROR;
				CLANG_WARN_EMPTY_BODY = YES;
				CLANG_WARN_ENUM_CONVERSION = YES;
				CLANG_WARN_INT_CONVERSION = YES;
				CLANG_WARN_OBJC_ROOT_CLASS = YES_ERROR;
				CLANG_WARN_UNREACHABLE_CODE = YES;
				CLANG_WARN__DUPLICATE_METHOD_MATCH = YES;
				"CODE_SIGN_IDENTITY[sdk=iphoneos*]" = "iPhone Developer";
				COPY_PHASE_STRIP = NO;
				ENABLE_STRICT_OBJC_MSGSEND = YES;
				GCC_C_LANGUAGE_STANDARD = gnu99;
				GCC_DYNAMIC_NO_PIC = NO;
				GCC_OPTIMIZATION_LEVEL = 0;
				GCC_PREPROCESSOR_DEFINITIONS = (
					"DEBUG=1",
					"$(inherited)",
				);
				GCC_SYMBOLS_PRIVATE_EXTERN = NO;
				GCC_WARN_64_TO_32_BIT_CONVERSION = YES;
				GCC_WARN_ABOUT_RETURN_TYPE = YES_ERROR;
				GCC_WARN_UNDECLARED_SELECTOR = YES;
				GCC_WARN_UNINITIALIZED_AUTOS = YES_AGGRESSIVE;
				GCC_WARN_UNUSED_FUNCTION = YES;
				GCC_WARN_UNUSED_VARIABLE = YES;
				IPHONEOS_DEPLOYMENT_TARGET = 8.1;
				MTL_ENABLE_DEBUG_INFO = YES;
				ONLY_ACTIVE_ARCH = YES;
				SDKROOT = iphoneos;
				TARGETED_DEVICE_FAMILY = "1,2";
			};
			name = Debug;
		};
		81839CCE1D76692A00E5666C /* Release */ = {
			isa = XCBuildConfiguration;
			buildSettings = {
				ALWAYS_SEARCH_USER_PATHS = NO;
				CLANG_CXX_LANGUAGE_STANDARD = "gnu++0x";
				CLANG_CXX_LIBRARY = "libc++";
				CLANG_ENABLE_MODULES = YES;
				CLANG_ENABLE_OBJC_ARC = YES;
				CLANG_WARN_BOOL_CONVERSION = YES;
				CLANG_WARN_CONSTANT_CONVERSION = YES;
				CLANG_WARN_DIRECT_OBJC_ISA_USAGE = YES_ERROR;
				CLANG_WARN_EMPTY_BODY = YES;
				CLANG_WARN_ENUM_CONVERSION = YES;
				CLANG_WARN_INT_CONVERSION = YES;
				CLANG_WARN_OBJC_ROOT_CLASS = YES_ERROR;
				CLANG_WARN_UNREACHABLE_CODE = YES;
				CLANG_WARN__DUPLICATE_METHOD_MATCH = YES;
				"CODE_SIGN_IDENTITY[sdk=iphoneos*]" = "iPhone Developer";
				COPY_PHASE_STRIP = YES;
				ENABLE_NS_ASSERTIONS = NO;
				ENABLE_STRICT_OBJC_MSGSEND = YES;
				GCC_C_LANGUAGE_STANDARD = gnu99;
				GCC_WARN_64_TO_32_BIT_CONVERSION = YES;
				GCC_WARN_ABOUT_RETURN_TYPE = YES_ERROR;
				GCC_WARN_UNDECLARED_SELECTOR = YES;
				GCC_WARN_UNINITIALIZED_AUTOS = YES_AGGRESSIVE;
				GCC_WARN_UNUSED_FUNCTION = YES;
				GCC_WARN_UNUSED_VARIABLE = YES;
				IPHONEOS_DEPLOYMENT_TARGET = 8.1;
				MTL_ENABLE_DEBUG_INFO = NO;
				SDKROOT = iphoneos;
				TARGETED_DEVICE_FAMILY = "1,2";
				VALIDATE_PRODUCT = YES;
			};
			name = Release;
		};
		81839CD01D76692A00E5666C /* Debug */ = {
			isa = XCBuildConfiguration;
			buildSettings = {
				ASSETCATALOG_COMPILER_APPICON_NAME = AppIcon;
				INFOPLIST_FILE = "calculator-daeun/Info.plist";
				LD_RUNPATH_SEARCH_PATHS = "$(inherited) @executable_path/Frameworks";
				PRODUCT_NAME = "$(TARGET_NAME)";
			};
			name = Debug;
		};
		81839CD11D76692A00E5666C /* Release */ = {
			isa = XCBuildConfiguration;
			buildSettings = {
				ASSETCATALOG_COMPILER_APPICON_NAME = AppIcon;
				INFOPLIST_FILE = "calculator-daeun/Info.plist";
				LD_RUNPATH_SEARCH_PATHS = "$(inherited) @executable_path/Frameworks";
				PRODUCT_NAME = "$(TARGET_NAME)";
			};
			name = Release;
		};
		81839CD31D76692A00E5666C /* Debug */ = {
			isa = XCBuildConfiguration;
			buildSettings = {
				BUNDLE_LOADER = "$(TEST_HOST)";
				FRAMEWORK_SEARCH_PATHS = (
					"$(SDKROOT)/Developer/Library/Frameworks",
					"$(inherited)",
				);
				GCC_PREPROCESSOR_DEFINITIONS = (
					"DEBUG=1",
					"$(inherited)",
				);
				INFOPLIST_FILE = "calculator-daeunTests/Info.plist";
				LD_RUNPATH_SEARCH_PATHS = "$(inherited) @executable_path/Frameworks @loader_path/Frameworks";
				PRODUCT_NAME = "$(TARGET_NAME)";
				TEST_HOST = "$(BUILT_PRODUCTS_DIR)/calculator-daeun.app/calculator-daeun";
			};
			name = Debug;
		};
		81839CD41D76692A00E5666C /* Release */ = {
			isa = XCBuildConfiguration;
			buildSettings = {
				BUNDLE_LOADER = "$(TEST_HOST)";
				FRAMEWORK_SEARCH_PATHS = (
					"$(SDKROOT)/Developer/Library/Frameworks",
					"$(inherited)",
				);
				INFOPLIST_FILE = "calculator-daeunTests/Info.plist";
				LD_RUNPATH_SEARCH_PATHS = "$(inherited) @executable_path/Frameworks @loader_path/Frameworks";
				PRODUCT_NAME = "$(TARGET_NAME)";
				TEST_HOST = "$(BUILT_PRODUCTS_DIR)/calculator-daeun.app/calculator-daeun";
			};
			name = Release;
		};
/* End XCBuildConfiguration section */

/* Begin XCConfigurationList section */
		81839CA71D76692900E5666C /* Build configuration list for PBXProject "calculator-daeun" */ = {
			isa = XCConfigurationList;
			buildConfigurations = (
				81839CCD1D76692A00E5666C /* Debug */,
				81839CCE1D76692A00E5666C /* Release */,
			);
			defaultConfigurationIsVisible = 0;
			defaultConfigurationName = Release;
		};
		81839CCF1D76692A00E5666C /* Build configuration list for PBXNativeTarget "calculator-daeun" */ = {
			isa = XCConfigurationList;
			buildConfigurations = (
				81839CD01D76692A00E5666C /* Debug */,
				81839CD11D76692A00E5666C /* Release */,
			);
			defaultConfigurationIsVisible = 0;
		};
		81839CD21D76692A00E5666C /* Build configuration list for PBXNativeTarget "calculator-daeunTests" */ = {
			isa = XCConfigurationList;
			buildConfigurations = (
				81839CD31D76692A00E5666C /* Debug */,
				81839CD41D76692A00E5666C /* Release */,
			);
			defaultConfigurationIsVisible = 0;
		};
/* End XCConfigurationList section */
	};
	rootObject = 81839CA41D76692900E5666C /* Project object */;
}
